
Microsoft Visual Studio Solution File, Format Version 12.00
# Visual Studio Version 17
VisualStudioVersion = 17.11.35303.130
MinimumVisualStudioVersion = 10.0.40219.1
Project("{FAE04EC0-301F-11D3-BF4B-00C04F79EFBC}") = "sistema_crm", "sistema_crm\sistema_crm.csproj", "{00513958-A3C0-402F-A8E6-E31FC2613B8A}"
EndProject
Global
	GlobalSection(SolutionConfigurationPlatforms) = preSolution
		Debug|Any CPU = Debug|Any CPU
		Release|Any CPU = Release|Any CPU
	EndGlobalSection
	GlobalSection(ProjectConfigurationPlatforms) = postSolution
		{00513958-A3C0-402F-A8E6-E31FC2613B8A}.Debug|Any CPU.ActiveCfg = Debug|Any CPU
		{00513958-A3C0-402F-A8E6-E31FC2613B8A}.Debug|Any CPU.Build.0 = Debug|Any CPU
		{00513958-A3C0-402F-A8E6-E31FC2613B8A}.Release|Any CPU.ActiveCfg = Release|Any CPU
		{00513958-A3C0-402F-A8E6-E31FC2613B8A}.Release|Any CPU.Build.0 = Release|Any CPU
	EndGlobalSection
	GlobalSection(SolutionProperties) = preSolution
		HideSolutionNode = FALSE
	EndGlobalSection
	GlobalSection(ExtensibilityGlobals) = postSolution
		SolutionGuid = {14BF3F2B-F92F-4137-BA3B-804C592ED886}
	EndGlobalSection
EndGlobal
